
Microsoft Visual Studio Solution File, Format Version 12.00
# Visual Studio Version 18
VisualStudioVersion = 18.3.11527.330
MinimumVisualStudioVersion = 10.0.40219.1
Project("{FAE04EC0-301F-11D3-BF4B-00C04F79EFBC}") = "SOReplaceLabel", "SOReplaceLabel\SOReplaceLabel.csproj", "{7D16747C-241B-4EE5-B6FD-0560CE510DDA}"
EndProject
Project("{FAE04EC0-301F-11D3-BF4B-00C04F79EFBC}") = "WpfMvvm", "WpfMVVM\WpfMvvm.csproj", "{9A30EF3D-785C-4EEF-B9B3-D705840924FD}"
EndProject
Project("{FAE04EC0-301F-11D3-BF4B-00C04F79EFBC}") = "SOReplaceLabelLib", "SOReplaceLabelLib\SOReplaceLabelLib.csproj", "{447F03C2-4371-403B-B0F0-D2FE656A87D2}"
EndProject
Project("{FAE04EC0-301F-11D3-BF4B-00C04F79EFBC}") = "PackingMethodTeacher", "PackingMethodTeacher\PackingMethodTeacher.csproj", "{D7D3C103-10B5-45A5-A980-EA13B4AC87E6}"
EndProject
Project("{FAE04EC0-301F-11D3-BF4B-00C04F79EFBC}") = "SOReplaceLabelLibTests", "SOReplaceLabelLibTests\SOReplaceLabelLibTests.csproj", "{2530939D-86D4-4844-BDE6-C48A86904D58}"
EndProject
Project("{FAE04EC0-301F-11D3-BF4B-00C04F79EFBC}") = "SOReplaceUpdater", "SOReplaceUpdater\SOReplaceUpdater.csproj", "{60154F15-6620-4E5D-A8F5-654C81AB9D3A}"
EndProject
Global
	GlobalSection(SolutionConfigurationPlatforms) = preSolution
		Debug|Any CPU = Debug|Any CPU
		Debug|x64 = Debug|x64
		Debug|x86 = Debug|x86
		Release|Any CPU = Release|Any CPU
		Release|x64 = Release|x64
		Release|x86 = Release|x86
	EndGlobalSection
	GlobalSection(ProjectConfigurationPlatforms) = postSolution
		{7D16747C-241B-4EE5-B6FD-0560CE510DDA}.Debug|Any CPU.ActiveCfg = Debug|Any CPU
		{7D16747C-241B-4EE5-B6FD-0560CE510DDA}.Debug|Any CPU.Build.0 = Debug|Any CPU
		{7D16747C-241B-4EE5-B6FD-0560CE510DDA}.Debug|x64.ActiveCfg = Debug|Any CPU
		{7D16747C-241B-4EE5-B6FD-0560CE510DDA}.Debug|x64.Build.0 = Debug|Any CPU
		{7D16747C-241B-4EE5-B6FD-0560CE510DDA}.Debug|x86.ActiveCfg = Debug|Any CPU
		{7D16747C-241B-4EE5-B6FD-0560CE510DDA}.Debug|x86.Build.0 = Debug|Any CPU
		{7D16747C-241B-4EE5-B6FD-0560CE510DDA}.Release|Any CPU.ActiveCfg = Release|Any CPU
		{7D16747C-241B-4EE5-B6FD-0560CE510DDA}.Release|Any CPU.Build.0 = Release|Any CPU
		{7D16747C-241B-4EE5-B6FD-0560CE510DDA}.Release|x64.ActiveCfg = Release|Any CPU
		{7D16747C-241B-4EE5-B6FD-0560CE510DDA}.Release|x64.Build.0 = Release|Any CPU
		{7D16747C-241B-4EE5-B6FD-0560CE510DDA}.Release|x86.ActiveCfg = Release|Any CPU
		{7D16747C-241B-4EE5-B6FD-0560CE510DDA}.Release|x86.Build.0 = Release|Any CPU
		{9A30EF3D-785C-4EEF-B9B3-D705840924FD}.Debug|Any CPU.ActiveCfg = Debug|Any CPU
		{9A30EF3D-785C-4EEF-B9B3-D705840924FD}.Debug|Any CPU.Build.0 = Debug|Any CPU
		{9A30EF3D-785C-4EEF-B9B3-D705840924FD}.Debug|x64.ActiveCfg = Debug|Any CPU
		{9A30EF3D-785C-4EEF-B9B3-D705840924FD}.Debug|x64.Build.0 = Debug|Any CPU
		{9A30EF3D-785C-4EEF-B9B3-D705840924FD}.Debug|x86.ActiveCfg = Debug|Any CPU
		{9A30EF3D-785C-4EEF-B9B3-D705840924FD}.Debug|x86.Build.0 = Debug|Any CPU
		{9A30EF3D-785C-4EEF-B9B3-D705840924FD}.Release|Any CPU.ActiveCfg = Release|Any CPU
		{9A30EF3D-785C-4EEF-B9B3-D705840924FD}.Release|Any CPU.Build.0 = Release|Any CPU
		{9A30EF3D-785C-4EEF-B9B3-D705840924FD}.Release|x64.ActiveCfg = Release|Any CPU
		{9A30EF3D-785C-4EEF-B9B3-D705840924FD}.Release|x64.Build.0 = Release|Any CPU
		{9A30EF3D-785C-4EEF-B9B3-D705840924FD}.Release|x86.ActiveCfg = Release|Any CPU
		{9A30EF3D-785C-4EEF-B9B3-D705840924FD}.Release|x86.Build.0 = Release|Any CPU
		{447F03C2-4371-403B-B0F0-D2FE656A87D2}.Debug|Any CPU.ActiveCfg = Debug|Any CPU
		{447F03C2-4371-403B-B0F0-D2FE656A87D2}.Debug|Any CPU.Build.0 = Debug|Any CPU
		{447F03C2-4371-403B-B0F0-D2FE656A87D2}.Debug|x64.ActiveCfg = Debug|Any CPU
		{447F03C2-4371-403B-B0F0-D2FE656A87D2}.Debug|x64.Build.0 = Debug|Any CPU
		{447F03C2-4371-403B-B0F0-D2FE656A87D2}.Debug|x86.ActiveCfg = Debug|Any CPU
		{447F03C2-4371-403B-B0F0-D2FE656A87D2}.Debug|x86.Build.0 = Debug|Any CPU
		{447F03C2-4371-403B-B0F0-D2FE656A87D2}.Release|Any CPU.ActiveCfg = Release|Any CPU
		{447F03C2-4371-403B-B0F0-D2FE656A87D2}.Release|Any CPU.Build.0 = Release|Any CPU
		{447F03C2-4371-403B-B0F0-D2FE656A87D2}.Release|x64.ActiveCfg = Release|Any CPU
		{447F03C2-4371-403B-B0F0-D2FE656A87D2}.Release|x64.Build.0 = Release|Any CPU
		{447F03C2-4371-403B-B0F0-D2FE656A87D2}.Release|x86.ActiveCfg = Release|Any CPU
		{447F03C2-4371-403B-B0F0-D2FE656A87D2}.Release|x86.Build.0 = Release|Any CPU
		{D7D3C103-10B5-45A5-A980-EA13B4AC87E6}.Debug|Any CPU.ActiveCfg = Debug|Any CPU
		{D7D3C103-10B5-45A5-A980-EA13B4AC87E6}.Debug|Any CPU.Build.0 = Debug|Any CPU
		{D7D3C103-10B5-45A5-A980-EA13B4AC87E6}.Debug|x64.ActiveCfg = Debug|Any CPU
		{D7D3C103-10B5-45A5-A980-EA13B4AC87E6}.Debug|x64.Build.0 = Debug|Any CPU
		{D7D3C103-10B5-45A5-A980-EA13B4AC87E6}.Debug|x86.ActiveCfg = Debug|Any CPU
		{D7D3C103-10B5-45A5-A980-EA13B4AC87E6}.Debug|x86.Build.0 = Debug|Any CPU
		{D7D3C103-10B5-45A5-A980-EA13B4AC87E6}.Release|Any CPU.ActiveCfg = Release|Any CPU
		{D7D3C103-10B5-45A5-A980-EA13B4AC87E6}.Release|Any CPU.Build.0 = Release|Any CPU
		{D7D3C103-10B5-45A5-A980-EA13B4AC87E6}.Release|x64.ActiveCfg = Release|Any CPU
		{D7D3C103-10B5-45A5-A980-EA13B4AC87E6}.Release|x64.Build.0 = Release|Any CPU
		{D7D3C103-10B5-45A5-A980-EA13B4AC87E6}.Release|x86.ActiveCfg = Release|Any CPU
		{D7D3C103-10B5-45A5-A980-EA13B4AC87E6}.Release|x86.Build.0 = Release|Any CPU
		{2530939D-86D4-4844-BDE6-C48A86904D58}.Debug|Any CPU.ActiveCfg = Debug|Any CPU
		{2530939D-86D4-4844-BDE6-C48A86904D58}.Debug|Any CPU.Build.0 = Debug|Any CPU
		{2530939D-86D4-4844-BDE6-C48A86904D58}.Debug|x64.ActiveCfg = Debug|Any CPU
		{2530939D-86D4-4844-BDE6-C48A86904D58}.Debug|x64.Build.0 = Debug|Any CPU
		{2530939D-86D4-4844-BDE6-C48A86904D58}.Debug|x86.ActiveCfg = Debug|Any CPU
		{2530939D-86D4-4844-BDE6-C48A86904D58}.Debug|x86.Build.0 = Debug|Any CPU
		{2530939D-86D4-4844-BDE6-C48A86904D58}.Release|Any CPU.ActiveCfg = Release|Any CPU
		{2530939D-86D4-4844-BDE6-C48A86904D58}.Release|Any CPU.Build.0 = Release|Any CPU
		{2530939D-86D4-4844-BDE6-C48A86904D58}.Release|x64.ActiveCfg = Release|Any CPU
		{2530939D-86D4-4844-BDE6-C48A86904D58}.Release|x64.Build.0 = Release|Any CPU
		{2530939D-86D4-4844-BDE6-C48A86904D58}.Release|x86.ActiveCfg = Release|Any CPU
		{2530939D-86D4-4844-BDE6-C48A86904D58}.Release|x86.Build.0 = Release|Any CPU
		{60154F15-6620-4E5D-A8F5-654C81AB9D3A}.Debug|Any CPU.ActiveCfg = Debug|Any CPU
		{60154F15-6620-4E5D-A8F5-654C81AB9D3A}.Debug|Any CPU.Build.0 = Debug|Any CPU
		{60154F15-6620-4E5D-A8F5-654C81AB9D3A}.Debug|x64.ActiveCfg = Debug|Any CPU
		{60154F15-6620-4E5D-A8F5-654C81AB9D3A}.Debug|x64.Build.0 = Debug|Any CPU
		{60154F15-6620-4E5D-A8F5-654C81AB9D3A}.Debug|x86.ActiveCfg = Debug|Any CPU
		{60154F15-6620-4E5D-A8F5-654C81AB9D3A}.Debug|x86.Build.0 = Debug|Any CPU
		{60154F15-6620-4E5D-A8F5-654C81AB9D3A}.Release|Any CPU.ActiveCfg = Release|Any CPU
		{60154F15-6620-4E5D-A8F5-654C81AB9D3A}.Release|Any CPU.Build.0 = Release|Any CPU
		{60154F15-6620-4E5D-A8F5-654C81AB9D3A}.Release|x64.ActiveCfg = Release|Any CPU
		{60154F15-6620-4E5D-A8F5-654C81AB9D3A}.Release|x64.Build.0 = Release|Any CPU
		{60154F15-6620-4E5D-A8F5-654C81AB9D3A}.Release|x86.ActiveCfg = Release|Any CPU
		{60154F15-6620-4E5D-A8F5-654C81AB9D3A}.Release|x86.Build.0 = Release|Any CPU
	EndGlobalSection
	GlobalSection(SolutionProperties) = preSolution
		HideSolutionNode = FALSE
	EndGlobalSection
	GlobalSection(ExtensibilityGlobals) = postSolution
		SolutionGuid = {4FC73EAC-3A83-4DF6-BFD8-6DE08D884B79}
	EndGlobalSection
EndGlobal
